
Microsoft Visual Studio Solution File, Format Version 12.00
Project("{FAE04EC0-301F-11D3-BF4B-00C04F79EFBC}") = "EqualityComparerTest", "EqualityComparerTest\EqualityComparerTest.csproj", "{261A6AAC-A6FC-40DB-B0E9-0C6E942CE541}"
EndProject
Project("{F2A71F9B-5D33-465A-A702-920D77279786}") = "ConsoleApp1", "ConsoleApp1\ConsoleApp1.fsproj", "{071B8384-8C08-43E6-856C-620206FA0A29}"
EndProject
Global
	GlobalSection(SolutionConfigurationPlatforms) = preSolution
		Debug|Any CPU = Debug|Any CPU
		Release|Any CPU = Release|Any CPU
	EndGlobalSection
	GlobalSection(ProjectConfigurationPlatforms) = postSolution
		{261A6AAC-A6FC-40DB-B0E9-0C6E942CE541}.Debug|Any CPU.ActiveCfg = Debug|Any CPU
		{261A6AAC-A6FC-40DB-B0E9-0C6E942CE541}.Debug|Any CPU.Build.0 = Debug|Any CPU
		{261A6AAC-A6FC-40DB-B0E9-0C6E942CE541}.Release|Any CPU.ActiveCfg = Release|Any CPU
		{261A6AAC-A6FC-40DB-B0E9-0C6E942CE541}.Release|Any CPU.Build.0 = Release|Any CPU
		{071B8384-8C08-43E6-856C-620206FA0A29}.Debug|Any CPU.ActiveCfg = Debug|Any CPU
		{071B8384-8C08-43E6-856C-620206FA0A29}.Debug|Any CPU.Build.0 = Debug|Any CPU
		{071B8384-8C08-43E6-856C-620206FA0A29}.Release|Any CPU.ActiveCfg = Release|Any CPU
		{071B8384-8C08-43E6-856C-620206FA0A29}.Release|Any CPU.Build.0 = Release|Any CPU
	EndGlobalSection
EndGlobal
