
Microsoft Visual Studio Solution File, Format Version 12.00
# Visual Studio Version 16
VisualStudioVersion = 16.0.31129.286
MinimumVisualStudioVersion = 10.0.40219.1
Project("{F2A71F9B-5D33-465A-A702-920D77279786}") = "SchemaGenerator", "SchemaGenerator\SchemaGenerator.fsproj", "{27FAE8B5-CA64-49AB-95F9-537DC37CB02B}"
EndProject
Global
	GlobalSection(SolutionConfigurationPlatforms) = preSolution
		Debug|Any CPU = Debug|Any CPU
		Release|Any CPU = Release|Any CPU
	EndGlobalSection
	GlobalSection(ProjectConfigurationPlatforms) = postSolution
		{27FAE8B5-CA64-49AB-95F9-537DC37CB02B}.Debug|Any CPU.ActiveCfg = Debug|Any CPU
		{27FAE8B5-CA64-49AB-95F9-537DC37CB02B}.Debug|Any CPU.Build.0 = Debug|Any CPU
		{27FAE8B5-CA64-49AB-95F9-537DC37CB02B}.Release|Any CPU.ActiveCfg = Release|Any CPU
		{27FAE8B5-CA64-49AB-95F9-537DC37CB02B}.Release|Any CPU.Build.0 = Release|Any CPU
	EndGlobalSection
	GlobalSection(SolutionProperties) = preSolution
		HideSolutionNode = FALSE
	EndGlobalSection
	GlobalSection(ExtensibilityGlobals) = postSolution
		SolutionGuid = {3EF0E3D8-4F2A-4166-ABAA-256D0E54A734}
	EndGlobalSection
EndGlobal
